Microsoft Visual Studio Solution File, Format Version 11.00
# Visual Studio 2008

Project("{51516FE3-B128-92C6-9BAD-286F25870403}") = "HyperHippoCalculator", "Assembly-CSharp.csproj", "{09B16EF5-F98B-9623-FB8D-63E947AFCCFB}"
EndProject
Global
	GlobalSection(SolutionConfigurationPlatforms) = preSolution
		Debug|Any CPU = Debug|Any CPU
		Release|Any CPU = Release|Any CPU
	EndGlobalSection
	GlobalSection(ProjectConfigurationPlatforms) = postSolution
		{09B16EF5-F98B-9623-FB8D-63E947AFCCFB}.Debug|Any CPU.ActiveCfg = Debug|Any CPU
		{09B16EF5-F98B-9623-FB8D-63E947AFCCFB}.Debug|Any CPU.Build.0 = Debug|Any CPU
		{09B16EF5-F98B-9623-FB8D-63E947AFCCFB}.Release|Any CPU.ActiveCfg = Release|Any CPU
		{09B16EF5-F98B-9623-FB8D-63E947AFCCFB}.Release|Any CPU.Build.0 = Release|Any CPU
	EndGlobalSection
	GlobalSection(SolutionProperties) = preSolution
		HideSolutionNode = FALSE
	EndGlobalSection
	GlobalSection(MonoDevelopProperties) = preSolution
		StartupItem = Assembly-CSharp.csproj
	EndGlobalSection
EndGlobal
